lockfileVersion: 5.4

specifiers:
  '@tiptap/core': 2.0.0-beta.209
  '@tiptap/extension-gapcursor': 2.0.0-beta.209
  '@tiptap/extension-highlight': 2.0.0-beta.209
  '@tiptap/extension-link': 2.0.0-beta.209
  '@tiptap/extension-mention': 2.0.0-beta.209
  '@tiptap/extension-typography': 2.0.0-beta.209
  '@tiptap/starter-kit': 2.0.0-beta.209
  '@tiptap/suggestion': 2.0.0-beta.209
  esbuild: ^0.17.4
  phoenix: file:../deps/phoenix
  phoenix_html: file:../deps/phoenix_html
  phoenix_live_view: file:../deps/phoenix_live_view
  tippy.js: ^6.3.7

dependencies:
  '@tiptap/core': 2.0.0-beta.209_4nuxvpohlb3jeygmbr7vfoeqbe
  '@tiptap/extension-gapcursor': 2.0.0-beta.209_v2bfq5maicdelkbmqszbe5xqhy
  '@tiptap/extension-highlight': 2.0.0-beta.209_f4ffqkgz5d3wev7su7t7l2rrua
  '@tiptap/extension-link': 2.0.0-beta.209_tasdqzysbe2xhn7sbwmhtfw24q
  '@tiptap/extension-mention': 2.0.0-beta.209_gwrkjopamtxlesrqkuh2c3jnom
  '@tiptap/extension-typography': 2.0.0-beta.209_f4ffqkgz5d3wev7su7t7l2rrua
  '@tiptap/starter-kit': 2.0.0-beta.209_cedpvvjbghtcstt37fejh4i2nq
  '@tiptap/suggestion': 2.0.0-beta.209_rzrfxp22ufute5oinbrky5ltgq
  phoenix: file:../deps/phoenix
  phoenix_html: file:../deps/phoenix_html
  phoenix_live_view: file:../deps/phoenix_live_view
  tippy.js: 6.3.7

devDependencies:
  esbuild: 0.17.4

packages:

  /@esbuild/android-arm/0.17.4:
    resolution: {integrity: sha512-R9GCe2xl2XDSc2XbQB63mFiFXHIVkOP+ltIxICKXqUPrFX97z6Z7vONCLQM1pSOLGqfLrGi3B7nbhxmFY/fomg==}
    engines: {node: '>=12'}
    cpu: [arm]
    os: [android]
    requiresBuild: true
    dev: true
    optional: true

  /@esbuild/android-arm64/0.17.4:
    resolution: {integrity: sha512-91VwDrl4EpxBCiG6h2LZZEkuNvVZYJkv2T9gyLG/mhGG1qrM7i5SwUcg/hlSPnL/4hDT0TFcF35/XMGSn0bemg==}
    engines: {node: '>=12'}
    cpu: [arm64]
    os: [android]
    requiresBuild: true
    dev: true
    optional: true

  /@esbuild/android-x64/0.17.4:
    resolution: {integrity: sha512-mGSqhEPL7029XL7QHNPxPs15JVa02hvZvysUcyMP9UXdGFwncl2WU0bqx+Ysgzd+WAbv8rfNa73QveOxAnAM2w==}
    engines: {node: '>=12'}
    cpu: [x64]
    os: [android]
    requiresBuild: true
    dev: true
    optional: true

  /@esbuild/darwin-arm64/0.17.4:
    resolution: {integrity: sha512-tTyJRM9dHvlMPt1KrBFVB5OW1kXOsRNvAPtbzoKazd5RhD5/wKlXk1qR2MpaZRYwf4WDMadt0Pv0GwxB41CVow==}
    engines: {node: '>=12'}
    cpu: [arm64]
    os: [darwin]
    requiresBuild: true
    dev: true
    optional: true

  /@esbuild/darwin-x64/0.17.4:
    resolution: {integrity: sha512-phQuC2Imrb3TjOJwLN8EO50nb2FHe8Ew0OwgZDH1SV6asIPGudnwTQtighDF2EAYlXChLoMJwqjAp4vAaACq6w==}
    engines: {node: '>=12'}
    cpu: [x64]
    os: [darwin]
    requiresBuild: true
    dev: true
    optional: true

  /@esbuild/freebsd-arm64/0.17.4:
    resolution: {integrity: sha512-oH6JUZkocgmjzzYaP5juERLpJQSwazdjZrTPgLRmAU2bzJ688x0vfMB/WTv4r58RiecdHvXOPC46VtsMy/mepg==}
    engines: {node: '>=12'}
    cpu: [arm64]
    os: [freebsd]
    requiresBuild: true
    dev: true
    optional: true

  /@esbuild/freebsd-x64/0.17.4:
    resolution: {integrity: sha512-U4iWGn/9TrAfpAdfd56eO0pRxIgb0a8Wj9jClrhT8hvZnOnS4dfMPW7o4fn15D/KqoiVYHRm43jjBaTt3g/2KA==}
    engines: {node: '>=12'}
    cpu: [x64]
    os: [freebsd]
    requiresBuild: true
    dev: true
    optional: true

  /@esbuild/linux-arm/0.17.4:
    resolution: {integrity: sha512-S2s9xWTGMTa/fG5EyMGDeL0wrWVgOSQcNddJWgu6rG1NCSXJHs76ZP9AsxjB3f2nZow9fWOyApklIgiTGZKhiw==}
    engines: {node: '>=12'}
    cpu: [arm]
    os: [linux]
    requiresBuild: true
    dev: true
    optional: true

  /@esbuild/linux-arm64/0.17.4:
    resolution: {integrity: sha512-UkGfQvYlwOaeYJzZG4cLV0hCASzQZnKNktRXUo3/BMZvdau40AOz9GzmGA063n1piq6VrFFh43apRDQx8hMP2w==}
    engines: {node: '>=12'}
    cpu: [arm64]
    os: [linux]
    requiresBuild: true
    dev: true
    optional: true

  /@esbuild/linux-ia32/0.17.4:
    resolution: {integrity: sha512-3lqFi4VFo/Vwvn77FZXeLd0ctolIJH/uXkH3yNgEk89Eh6D3XXAC9/iTPEzeEpsNE5IqGIsFa5Z0iPeOh25IyA==}
    engines: {node: '>=12'}
    cpu: [ia32]
    os: [linux]
    requiresBuild: true
    dev: true
    optional: true

  /@esbuild/linux-loong64/0.17.4:
    resolution: {integrity: sha512-HqpWZkVslDHIwdQ9D+gk7NuAulgQvRxF9no54ut/M55KEb3mi7sQS3GwpPJzSyzzP0UkjQVN7/tbk88/CaX4EQ==}
    engines: {node: '>=12'}
    cpu: [loong64]
    os: [linux]
    requiresBuild: true
    dev: true
    optional: true

  /@esbuild/linux-mips64el/0.17.4:
    resolution: {integrity: sha512-d/nMCKKh/SVDbqR9ju+b78vOr0tNXtfBjcp5vfHONCCOAL9ad8gN9dC/u+UnH939pz7wO+0u/x9y1MaZcb/lKA==}
    engines: {node: '>=12'}
    cpu: [mips64el]
    os: [linux]
    requiresBuild: true
    dev: true
    optional: true

  /@esbuild/linux-ppc64/0.17.4:
    resolution: {integrity: sha512-lOD9p2dmjZcNiTU+sGe9Nn6G3aYw3k0HBJies1PU0j5IGfp6tdKOQ6mzfACRFCqXjnBuTqK7eTYpwx09O5LLfg==}
    engines: {node: '>=12'}
    cpu: [ppc64]
    os: [linux]
    requiresBuild: true
    dev: true
    optional: true

  /@esbuild/linux-riscv64/0.17.4:
    resolution: {integrity: sha512-mTGnwWwVshAjGsd8rP+K6583cPDgxOunsqqldEYij7T5/ysluMHKqUIT4TJHfrDFadUwrghAL6QjER4FeqQXoA==}
    engines: {node: '>=12'}
    cpu: [riscv64]
    os: [linux]
    requiresBuild: true
    dev: true
    optional: true

  /@esbuild/linux-s390x/0.17.4:
    resolution: {integrity: sha512-AQYuUGp50XM29/N/dehADxvc2bUqDcoqrVuijop1Wv72SyxT6dDB9wjUxuPZm2HwIM876UoNNBMVd+iX/UTKVQ==}
    engines: {node: '>=12'}
    cpu: [s390x]
    os: [linux]
    requiresBuild: true
    dev: true
    optional: true

  /@esbuild/linux-x64/0.17.4:
    resolution: {integrity: sha512-+AsFBwKgQuhV2shfGgA9YloxLDVjXgUEWZum7glR5lLmV94IThu/u2JZGxTgjYby6kyXEx8lKOqP5rTEVBR0Rw==}
    engines: {node: '>=12'}
    cpu: [x64]
    os: [linux]
    requiresBuild: true
    dev: true
    optional: true

  /@esbuild/netbsd-x64/0.17.4:
    resolution: {integrity: sha512-zD1TKYX9553OiLS/qkXPMlWoELYkH/VkzRYNKEU+GwFiqkq0SuxsKnsCg5UCdxN3cqd+1KZ8SS3R+WG/Hxy2jQ==}
    engines: {node: '>=12'}
    cpu: [x64]
    os: [netbsd]
    requiresBuild: true
    dev: true
    optional: true

  /@esbuild/openbsd-x64/0.17.4:
    resolution: {integrity: sha512-PY1NjEsLRhPEFFg1AV0/4Or/gR+q2dOb9s5rXcPuCjyHRzbt8vnHJl3vYj+641TgWZzTFmSUnZbzs1zwTzjeqw==}
    engines: {node: '>=12'}
    cpu: [x64]
    os: [openbsd]
    requiresBuild: true
    dev: true
    optional: true

  /@esbuild/sunos-x64/0.17.4:
    resolution: {integrity: sha512-B3Z7s8QZQW9tKGleMRXvVmwwLPAUoDCHs4WZ2ElVMWiortLJFowU1NjAhXOKjDgC7o9ByeVcwyOlJ+F2r6ZgmQ==}
    engines: {node: '>=12'}
    cpu: [x64]
    os: [sunos]
    requiresBuild: true
    dev: true
    optional: true

  /@esbuild/win32-arm64/0.17.4:
    resolution: {integrity: sha512-0HCu8R3mY/H5V7N6kdlsJkvrT591bO/oRZy8ztF1dhgNU5xD5tAh5bKByT1UjTGjp/VVBsl1PDQ3L18SfvtnBQ==}
    engines: {node: '>=12'}
    cpu: [arm64]
    os: [win32]
    requiresBuild: true
    dev: true
    optional: true

  /@esbuild/win32-ia32/0.17.4:
    resolution: {integrity: sha512-VUjhVDQycse1gLbe06pC/uaA0M+piQXJpdpNdhg8sPmeIZZqu5xPoGWVCmcsOO2gaM2cywuTYTHkXRozo3/Nkg==}
    engines: {node: '>=12'}
    cpu: [ia32]
    os: [win32]
    requiresBuild: true
    dev: true
    optional: true

  /@esbuild/win32-x64/0.17.4:
    resolution: {integrity: sha512-0kLAjs+xN5OjhTt/aUA6t48SfENSCKgGPfExADYTOo/UCn0ivxos9/anUVeSfg+L+2O9xkFxvJXIJfG+Q4sYSg==}
    engines: {node: '>=12'}
    cpu: [x64]
    os: [win32]
    requiresBuild: true
    dev: true
    optional: true

  /@popperjs/core/2.11.6:
    resolution: {integrity: sha512-50/17A98tWUfQ176raKiOGXuYpLyyVMkxxG6oylzL3BPOlA6ADGdK7EYunSa4I064xerltq9TGXs8HmOk5E+vw==}
    dev: false

  /@tiptap/core/2.0.0-beta.209_4nuxvpohlb3jeygmbr7vfoeqbe:
    resolution: {integrity: sha512-DOOzfo2XKD5Qt2oEGW33/6ugwSnvpl4WbxtlKdPadLoApk6Kja3K1Eps3pihBgIGmo4tkctkCzmj8wNWS7KeWg==}
    peerDependencies:
      prosemirror-commands: ^1.3.1
      prosemirror-keymap: ^1.2.0
      prosemirror-model: ^1.18.1
      prosemirror-schema-list: ^1.2.2
      prosemirror-state: ^1.4.1
      prosemirror-transform: ^1.7.0
      prosemirror-view: ^1.28.2
    dependencies:
      prosemirror-commands: 1.5.0
      prosemirror-keymap: 1.2.0
      prosemirror-model: 1.19.0
      prosemirror-schema-list: 1.2.2
      prosemirror-state: 1.4.2
      prosemirror-transform: 1.7.1
      prosemirror-view: 1.30.0
    dev: false

  /@tiptap/extension-blockquote/2.0.0-beta.209_f4ffqkgz5d3wev7su7t7l2rrua:
    resolution: {integrity: sha512-ay5c+SJ1vQOL5zpsr94jN15tCt0ytd7zPMM433pkhi9ZL0qqf1fZ+D0KzDs2z8N49rfArVpoo238V3ZChBh2sA==}
    peerDependencies:
      '@tiptap/core': ^2.0.0-beta.1
    dependencies:
      '@tiptap/core': 2.0.0-beta.209_4nuxvpohlb3jeygmbr7vfoeqbe
    dev: false

  /@tiptap/extension-bold/2.0.0-beta.209_f4ffqkgz5d3wev7su7t7l2rrua:
    resolution: {integrity: sha512-8jaoZSe55iwuEvwdM1mPhlgE+/tDyveECv0d1qogUcbPdIkhDQaNlIOmuH9Ftr465iIDthMjt4GB6AWi5tfsMg==}
    peerDependencies:
      '@tiptap/core': ^2.0.0-beta.193
    dependencies:
      '@tiptap/core': 2.0.0-beta.209_4nuxvpohlb3jeygmbr7vfoeqbe
    dev: false

  /@tiptap/extension-bullet-list/2.0.0-beta.209_f4ffqkgz5d3wev7su7t7l2rrua:
    resolution: {integrity: sha512-NGoSYakXCiKb5xrVe339Acu2iherOGQUR1bAeWgOKf+dINvIdjawnud6fIeB3n1h95aDvsmYuH1o9B+/bd7e3w==}
    peerDependencies:
      '@tiptap/core': ^2.0.0-beta.193
    dependencies:
      '@tiptap/core': 2.0.0-beta.209_4nuxvpohlb3jeygmbr7vfoeqbe
    dev: false

  /@tiptap/extension-code-block/2.0.0-beta.209_prfudu5zgovreazvyjp3brspre:
    resolution: {integrity: sha512-FlMud3yhAilHrcHbW4iUEagAdvpOJW1lTSiiDfbtVpyybjNJQQMa5zhSKi4blG2xBEGXZhqL0XuWDGERNsVawQ==}
    peerDependencies:
      '@tiptap/core': ^2.0.0-beta.193
      prosemirror-state: ^1.4.1
    dependencies:
      '@tiptap/core': 2.0.0-beta.209_4nuxvpohlb3jeygmbr7vfoeqbe
      prosemirror-state: 1.4.2
    dev: false

  /@tiptap/extension-code/2.0.0-beta.209_f4ffqkgz5d3wev7su7t7l2rrua:
    resolution: {integrity: sha512-LCcfQMroYps6o9ASpVZqYbbdTkSwxTokjmkkKKmWZlZSJ/h+1kThOnRZgcPkfSeaaC30T+LSxAXXyf1dMgl5+Q==}
    peerDependencies:
      '@tiptap/core': ^2.0.0-beta.193
    dependencies:
      '@tiptap/core': 2.0.0-beta.209_4nuxvpohlb3jeygmbr7vfoeqbe
    dev: false

  /@tiptap/extension-document/2.0.0-beta.209_f4ffqkgz5d3wev7su7t7l2rrua:
    resolution: {integrity: sha512-ZRTC5j0J6fNTtIcU6UnxJm5KZrfJI2pygCJ172mMNzwE89upJMhRSP0CvPWTY7nf0odmQTJ5vD99QDR4CdOTng==}
    peerDependencies:
      '@tiptap/core': ^2.0.0-beta.193
    dependencies:
      '@tiptap/core': 2.0.0-beta.209_4nuxvpohlb3jeygmbr7vfoeqbe
    dev: false

  /@tiptap/extension-dropcursor/2.0.0-beta.209_mjxjt2tewvgatsbngisjo5wtze:
    resolution: {integrity: sha512-b4RxbZg4hza4p1Lp+m4CWkIIMVgoAKSo49OyvO/Y/igtQ0DcdQutSJDEPeEhuqy+jPdQFaU5GBonSvVi89Loog==}
    peerDependencies:
      '@tiptap/core': ^2.0.0-beta.193
      prosemirror-dropcursor: 1.5.0
    dependencies:
      '@tiptap/core': 2.0.0-beta.209_4nuxvpohlb3jeygmbr7vfoeqbe
      prosemirror-dropcursor: 1.5.0
    dev: false

  /@tiptap/extension-gapcursor/2.0.0-beta.209_v2bfq5maicdelkbmqszbe5xqhy:
    resolution: {integrity: sha512-F03mr2VV5bZycIVWHCIYpQTzs9tC+goWJFhbJgPrT62f1gUAnlc1ZRc79mSqw1AxTsfbDvAc65OlUJb0QfxDWA==}
    peerDependencies:
      '@tiptap/core': ^2.0.0-beta.193
      prosemirror-gapcursor: ^1.3.1
    dependencies:
      '@tiptap/core': 2.0.0-beta.209_4nuxvpohlb3jeygmbr7vfoeqbe
      prosemirror-gapcursor: 1.3.1
    dev: false

  /@tiptap/extension-hard-break/2.0.0-beta.209_f4ffqkgz5d3wev7su7t7l2rrua:
    resolution: {integrity: sha512-BS0z9SshfJ5ESssiVaVe61901BrTLCAgxc9NPmi4Va2sszXJysI2Vm8q4jDHL6IehkCQpQZNAihT9eSBPHQR0w==}
    peerDependencies:
      '@tiptap/core': ^2.0.0-beta.193
    dependencies:
      '@tiptap/core': 2.0.0-beta.209_4nuxvpohlb3jeygmbr7vfoeqbe
    dev: false

  /@tiptap/extension-heading/2.0.0-beta.209_f4ffqkgz5d3wev7su7t7l2rrua:
    resolution: {integrity: sha512-eqq9if0XsPjLvivM5gNUqSHj5I4Zpiv66NPO+pM4ig0Wq2CjjxWzzgmdSLfTPGRfsZe9kPCOgO86AAB07am3fQ==}
    peerDependencies:
      '@tiptap/core': ^2.0.0-beta.193
    dependencies:
      '@tiptap/core': 2.0.0-beta.209_4nuxvpohlb3jeygmbr7vfoeqbe
    dev: false

  /@tiptap/extension-highlight/2.0.0-beta.209_f4ffqkgz5d3wev7su7t7l2rrua:
    resolution: {integrity: sha512-uy0Zu1dU2VcozvqpECb7+mxiazxstlb6w7jQQx8n4PAwIfN2LGv1UIil+VKRkc9amjBVwz+knm9psXEeJfjiBw==}
    peerDependencies:
      '@tiptap/core': ^2.0.0-beta.193
    dependencies:
      '@tiptap/core': 2.0.0-beta.209_4nuxvpohlb3jeygmbr7vfoeqbe
    dev: false

  /@tiptap/extension-history/2.0.0-beta.209_4l4d2nbnhzh4n42foqovky5q2e:
    resolution: {integrity: sha512-P5nw+r47gBdac4igeaBvW6gxsZUnS67SRgbAyQSmXVe45NXc1t0EUb2Be9YuHRKDVxhJUhGT8NawPY70Fgk4mQ==}
    peerDependencies:
      '@tiptap/core': ^2.0.0-beta.193
      prosemirror-history: ^1.3.0
    dependencies:
      '@tiptap/core': 2.0.0-beta.209_4nuxvpohlb3jeygmbr7vfoeqbe
      prosemirror-history: 1.3.0
    dev: false

  /@tiptap/extension-horizontal-rule/2.0.0-beta.209_prfudu5zgovreazvyjp3brspre:
    resolution: {integrity: sha512-53RU9kDVb1jowJ3Frx8QW0E05uEOCpeG3HfUCMjz8anGtefxFtMS7xYZ9sC+niJeVmXC+mUSjFGageL4iRIdqA==}
    peerDependencies:
      '@tiptap/core': ^2.0.0-beta.193
      prosemirror-state: ^1.4.1
    dependencies:
      '@tiptap/core': 2.0.0-beta.209_4nuxvpohlb3jeygmbr7vfoeqbe
      prosemirror-state: 1.4.2
    dev: false

  /@tiptap/extension-italic/2.0.0-beta.209_f4ffqkgz5d3wev7su7t7l2rrua:
    resolution: {integrity: sha512-KnRdbqfD01tcCnUNypA3TX3FqmQSFwu7/9YU3vwS8Zyaz+OIc/g/vJai5twg1DzFAvIcYWzRFPTFcqkjwkcW1w==}
    peerDependencies:
      '@tiptap/core': ^2.0.0-beta.193
    dependencies:
      '@tiptap/core': 2.0.0-beta.209_4nuxvpohlb3jeygmbr7vfoeqbe
    dev: false

  /@tiptap/extension-link/2.0.0-beta.209_tasdqzysbe2xhn7sbwmhtfw24q:
    resolution: {integrity: sha512-X+iPnKWTb8nuZ7xieemPxZOiCQiaQw4z3RVJ7Hz4/T+ujxfxu7MJhBzjyw9htGPmUijyN4zt0NPjZ089yMzAxQ==}
    peerDependencies:
      '@tiptap/core': ^2.0.0-beta.193
      prosemirror-model: ^1.18.1
      prosemirror-state: ^1.4.1
    dependencies:
      '@tiptap/core': 2.0.0-beta.209_4nuxvpohlb3jeygmbr7vfoeqbe
      linkifyjs: 3.0.5
      prosemirror-model: 1.19.0
      prosemirror-state: 1.4.2
    dev: false

  /@tiptap/extension-list-item/2.0.0-beta.209_f4ffqkgz5d3wev7su7t7l2rrua:
    resolution: {integrity: sha512-qkHwymyGfXIVAiqLXvL66UzGLhYpD2BYbSSAIQ6Rmuvk4aeNrsBvFv9tL7+YsYLKvlOa4+Q+PN2uhST+lOH0hw==}
    peerDependencies:
      '@tiptap/core': ^2.0.0-beta.193
    dependencies:
      '@tiptap/core': 2.0.0-beta.209_4nuxvpohlb3jeygmbr7vfoeqbe
    dev: false

  /@tiptap/extension-mention/2.0.0-beta.209_gwrkjopamtxlesrqkuh2c3jnom:
    resolution: {integrity: sha512-Ke8+/T9gsI10CQtb8CxuR+1t/6RkHVUr9ZZd7lqQ7c7kpw5YcEJ89yzDl/OpEoUboC7IlHLlxuhI8njf9+zHVw==}
    peerDependencies:
      '@tiptap/core': ^2.0.0-beta.193
      '@tiptap/suggestion': ^2.0.0-beta.193
      prosemirror-model: ^1.18.1
      prosemirror-state: ^1.4.1
    dependencies:
      '@tiptap/core': 2.0.0-beta.209_4nuxvpohlb3jeygmbr7vfoeqbe
      '@tiptap/suggestion': 2.0.0-beta.209_rzrfxp22ufute5oinbrky5ltgq
      prosemirror-model: 1.19.0
      prosemirror-state: 1.4.2
    dev: false

  /@tiptap/extension-ordered-list/2.0.0-beta.209_f4ffqkgz5d3wev7su7t7l2rrua:
    resolution: {integrity: sha512-PhJ9uqxqKVO97rb2MzW/TzQJ9XQicp9gsV/y0QbAEv1ZOH9QI/qF5sCe6BfeN8ZoMyYUEh6de3yxQL8iXSFWsw==}
    peerDependencies:
      '@tiptap/core': ^2.0.0-beta.193
    dependencies:
      '@tiptap/core': 2.0.0-beta.209_4nuxvpohlb3jeygmbr7vfoeqbe
    dev: false

  /@tiptap/extension-paragraph/2.0.0-beta.209_f4ffqkgz5d3wev7su7t7l2rrua:
    resolution: {integrity: sha512-XkiguVbOX/KJwux2wdurvZRwG1UulpZ3Uhw7Yl59sLBf7YDw8H781EMgVvaLSWf3B1o27/yOyc+kiepW/Pp9Wg==}
    peerDependencies:
      '@tiptap/core': ^2.0.0-beta.193
    dependencies:
      '@tiptap/core': 2.0.0-beta.209_4nuxvpohlb3jeygmbr7vfoeqbe
    dev: false

  /@tiptap/extension-strike/2.0.0-beta.209_f4ffqkgz5d3wev7su7t7l2rrua:
    resolution: {integrity: sha512-k8yaeyMYBzdq5U1zv5DYZt3KtpglPHV2JX7dYfNyoFpiX+6IJ2EwSuTXUGilZGRpyUw6UxeDF0yJbiOGMeEIDA==}
    peerDependencies:
      '@tiptap/core': ^2.0.0-beta.193
    dependencies:
      '@tiptap/core': 2.0.0-beta.209_4nuxvpohlb3jeygmbr7vfoeqbe
    dev: false

  /@tiptap/extension-text/2.0.0-beta.209_f4ffqkgz5d3wev7su7t7l2rrua:
    resolution: {integrity: sha512-12PTPTQViDR7xDLwxGMPiYaV89E9olH/+4Zfoh6QiOjHqhmgYu3+/c8YZ3eARgXnfpy/EzUD0PBxiAyDZJ1vdw==}
    peerDependencies:
      '@tiptap/core': ^2.0.0-beta.193
    dependencies:
      '@tiptap/core': 2.0.0-beta.209_4nuxvpohlb3jeygmbr7vfoeqbe
    dev: false

  /@tiptap/extension-typography/2.0.0-beta.209_f4ffqkgz5d3wev7su7t7l2rrua:
    resolution: {integrity: sha512-4XmBX6El7eC0Ktewx2+8/+KyCf8uHhtJYSvst8WpfF1Vot+MfhI6OngxDHlUbt3FY+XDG08O+JxEdQIUaiGTVQ==}
    peerDependencies:
      '@tiptap/core': ^2.0.0-beta.193
    dependencies:
      '@tiptap/core': 2.0.0-beta.209_4nuxvpohlb3jeygmbr7vfoeqbe
    dev: false

  /@tiptap/starter-kit/2.0.0-beta.209_cedpvvjbghtcstt37fejh4i2nq:
    resolution: {integrity: sha512-uR68ZfDZ5PeygGey3xc9ZuFIP+K7VRElrABnZcM6t9/Crrs70UFwSTNlkS0ezx9woj8h+8N78a6r8W1YC04TOw==}
    dependencies:
      '@tiptap/core': 2.0.0-beta.209_4nuxvpohlb3jeygmbr7vfoeqbe
      '@tiptap/extension-blockquote': 2.0.0-beta.209_f4ffqkgz5d3wev7su7t7l2rrua
      '@tiptap/extension-bold': 2.0.0-beta.209_f4ffqkgz5d3wev7su7t7l2rrua
      '@tiptap/extension-bullet-list': 2.0.0-beta.209_f4ffqkgz5d3wev7su7t7l2rrua
      '@tiptap/extension-code': 2.0.0-beta.209_f4ffqkgz5d3wev7su7t7l2rrua
      '@tiptap/extension-code-block': 2.0.0-beta.209_prfudu5zgovreazvyjp3brspre
      '@tiptap/extension-document': 2.0.0-beta.209_f4ffqkgz5d3wev7su7t7l2rrua
      '@tiptap/extension-dropcursor': 2.0.0-beta.209_mjxjt2tewvgatsbngisjo5wtze
      '@tiptap/extension-gapcursor': 2.0.0-beta.209_v2bfq5maicdelkbmqszbe5xqhy
      '@tiptap/extension-hard-break': 2.0.0-beta.209_f4ffqkgz5d3wev7su7t7l2rrua
      '@tiptap/extension-heading': 2.0.0-beta.209_f4ffqkgz5d3wev7su7t7l2rrua
      '@tiptap/extension-history': 2.0.0-beta.209_4l4d2nbnhzh4n42foqovky5q2e
      '@tiptap/extension-horizontal-rule': 2.0.0-beta.209_prfudu5zgovreazvyjp3brspre
      '@tiptap/extension-italic': 2.0.0-beta.209_f4ffqkgz5d3wev7su7t7l2rrua
      '@tiptap/extension-list-item': 2.0.0-beta.209_f4ffqkgz5d3wev7su7t7l2rrua
      '@tiptap/extension-ordered-list': 2.0.0-beta.209_f4ffqkgz5d3wev7su7t7l2rrua
      '@tiptap/extension-paragraph': 2.0.0-beta.209_f4ffqkgz5d3wev7su7t7l2rrua
      '@tiptap/extension-strike': 2.0.0-beta.209_f4ffqkgz5d3wev7su7t7l2rrua
      '@tiptap/extension-text': 2.0.0-beta.209_f4ffqkgz5d3wev7su7t7l2rrua
    transitivePeerDependencies:
      - prosemirror-commands
      - prosemirror-dropcursor
      - prosemirror-gapcursor
      - prosemirror-history
      - prosemirror-keymap
      - prosemirror-model
      - prosemirror-schema-list
      - prosemirror-state
      - prosemirror-transform
      - prosemirror-view
    dev: false

  /@tiptap/suggestion/2.0.0-beta.209_rzrfxp22ufute5oinbrky5ltgq:
    resolution: {integrity: sha512-KKV64rTzTGY1q03nK0b4wCrAmihwThYJrYlPTUTelQm0AeJ4EPTNMRSR5rHD+fVF7agqrtrCkMw46vTXd6j1Jw==}
    peerDependencies:
      '@tiptap/core': ^2.0.0-beta.193
      prosemirror-model: ^1.18.1
      prosemirror-state: ^1.4.1
      prosemirror-view: ^1.28.2
    dependencies:
      '@tiptap/core': 2.0.0-beta.209_4nuxvpohlb3jeygmbr7vfoeqbe
      prosemirror-model: 1.19.0
      prosemirror-state: 1.4.2
      prosemirror-view: 1.30.0
    dev: false

  /esbuild/0.17.4:
    resolution: {integrity: sha512-zBn9MeCwT7W5F1a3lXClD61ip6vQM+H8Msb0w8zMT4ZKBpDg+rFAraNyWCDelB/2L6M3g6AXHPnsyvjMFnxtFw==}
    engines: {node: '>=12'}
    hasBin: true
    requiresBuild: true
    optionalDependencies:
      '@esbuild/android-arm': 0.17.4
      '@esbuild/android-arm64': 0.17.4
      '@esbuild/android-x64': 0.17.4
      '@esbuild/darwin-arm64': 0.17.4
      '@esbuild/darwin-x64': 0.17.4
      '@esbuild/freebsd-arm64': 0.17.4
      '@esbuild/freebsd-x64': 0.17.4
      '@esbuild/linux-arm': 0.17.4
      '@esbuild/linux-arm64': 0.17.4
      '@esbuild/linux-ia32': 0.17.4
      '@esbuild/linux-loong64': 0.17.4
      '@esbuild/linux-mips64el': 0.17.4
      '@esbuild/linux-ppc64': 0.17.4
      '@esbuild/linux-riscv64': 0.17.4
      '@esbuild/linux-s390x': 0.17.4
      '@esbuild/linux-x64': 0.17.4
      '@esbuild/netbsd-x64': 0.17.4
      '@esbuild/openbsd-x64': 0.17.4
      '@esbuild/sunos-x64': 0.17.4
      '@esbuild/win32-arm64': 0.17.4
      '@esbuild/win32-ia32': 0.17.4
      '@esbuild/win32-x64': 0.17.4
    dev: true

  /linkifyjs/3.0.5:
    resolution: {integrity: sha512-1Y9XQH65eQKA9p2xtk+zxvnTeQBG7rdAXSkUG97DmuI/Xhji9uaUzaWxRj6rf9YC0v8KKHkxav7tnLX82Sz5Fg==}
    dev: false

  /orderedmap/2.1.0:
    resolution: {integrity: sha512-/pIFexOm6S70EPdznemIz3BQZoJ4VTFrhqzu0ACBqBgeLsLxq8e6Jim63ImIfwW/zAD1AlXpRMlOv3aghmo4dA==}
    dev: false

  /prosemirror-commands/1.5.0:
    resolution: {integrity: sha512-zL0Fxbj3fh71GPNHn5YdYgYGX2aU2XLecZYk2ekEF0oOD259HcXtM+96VjPVi5o3h4sGUdDfEEhGiREXW6U+4A==}
    dependencies:
      prosemirror-model: 1.19.0
      prosemirror-state: 1.4.2
      prosemirror-transform: 1.7.1
    dev: false

  /prosemirror-dropcursor/1.5.0:
    resolution: {integrity: sha512-vy7i77ddKyXlu8kKBB3nlxLBnsWyKUmQIPB5x8RkYNh01QNp/qqGmdd5yZefJs0s3rtv5r7Izfu2qbtr+tYAMQ==}
    dependencies:
      prosemirror-state: 1.4.2
      prosemirror-transform: 1.7.1
      prosemirror-view: 1.30.0
    dev: false

  /prosemirror-gapcursor/1.3.1:
    resolution: {integrity: sha512-GKTeE7ZoMsx5uVfc51/ouwMFPq0o8YrZ7Hx4jTF4EeGbXxBveUV8CGv46mSHuBBeXGmvu50guoV2kSnOeZZnUA==}
    dependencies:
      prosemirror-keymap: 1.2.0
      prosemirror-model: 1.19.0
      prosemirror-state: 1.4.2
      prosemirror-view: 1.30.0
    dev: false

  /prosemirror-history/1.3.0:
    resolution: {integrity: sha512-qo/9Wn4B/Bq89/YD+eNWFbAytu6dmIM85EhID+fz9Jcl9+DfGEo8TTSrRhP15+fFEoaPqpHSxlvSzSEbmlxlUA==}
    dependencies:
      prosemirror-state: 1.4.2
      prosemirror-transform: 1.7.1
      rope-sequence: 1.3.3
    dev: false

  /prosemirror-keymap/1.2.0:
    resolution: {integrity: sha512-TdSfu+YyLDd54ufN/ZeD1VtBRYpgZnTPnnbY+4R08DDgs84KrIPEPbJL8t1Lm2dkljFx6xeBE26YWH3aIzkPKg==}
    dependencies:
      prosemirror-state: 1.4.2
      w3c-keyname: 2.2.6
    dev: false

  /prosemirror-model/1.19.0:
    resolution: {integrity: sha512-/CvFGJnwc41EJSfDkQLly1cAJJJmBpZwwUJtwZPTjY2RqZJfM8HVbCreOY/jti8wTRbVyjagcylyGoeJH/g/3w==}
    dependencies:
      orderedmap: 2.1.0
    dev: false

  /prosemirror-schema-list/1.2.2:
    resolution: {integrity: sha512-rd0pqSDp86p0MUMKG903g3I9VmElFkQpkZ2iOd3EOVg1vo5Cst51rAsoE+5IPy0LPXq64eGcCYlW1+JPNxOj2w==}
    dependencies:
      prosemirror-model: 1.19.0
      prosemirror-state: 1.4.2
      prosemirror-transform: 1.7.1
    dev: false

  /prosemirror-state/1.4.2:
    resolution: {integrity: sha512-puuzLD2mz/oTdfgd8msFbe0A42j5eNudKAAPDB0+QJRw8cO1ygjLmhLrg9RvDpf87Dkd6D4t93qdef00KKNacQ==}
    dependencies:
      prosemirror-model: 1.19.0
      prosemirror-transform: 1.7.1
      prosemirror-view: 1.30.0
    dev: false

  /prosemirror-transform/1.7.1:
    resolution: {integrity: sha512-VteoifAfpt46z0yEt6Fc73A5OID9t/y2QIeR5MgxEwTuitadEunD/V0c9jQW8ziT8pbFM54uTzRLJ/nLuQjMxg==}
    dependencies:
      prosemirror-model: 1.19.0
    dev: false

  /prosemirror-view/1.30.0:
    resolution: {integrity: sha512-z6RXp2GFH8mk7+LWCGWvdpOIpf5o5UwIB6SiBiTFe6eA8H8qwFDW0EkiIfohlATHoSGXvlHtD+hfpAHdfO5fvQ==}
    dependencies:
      prosemirror-model: 1.19.0
      prosemirror-state: 1.4.2
      prosemirror-transform: 1.7.1
    dev: false

  /rope-sequence/1.3.3:
    resolution: {integrity: sha512-85aZYCxweiD5J8yTEbw+E6A27zSnLPNDL0WfPdw3YYodq7WjnTKo0q4dtyQ2gz23iPT8Q9CUyJtAaUNcTxRf5Q==}
    dev: false

  /tippy.js/6.3.7:
    resolution: {integrity: sha512-E1d3oP2emgJ9dRQZdf3Kkn0qJgI6ZLpyS5z6ZkY1DF3kaQaBsGZsndEpHwx+eC+tYM41HaSNvNtLx8tU57FzTQ==}
    dependencies:
      '@popperjs/core': 2.11.6
    dev: false

  /w3c-keyname/2.2.6:
    resolution: {integrity: sha512-f+fciywl1SJEniZHD6H+kUO8gOnwIr7f4ijKA6+ZvJFjeGi1r4PDLl53Ayud9O/rk64RqgoQine0feoeOU0kXg==}
    dev: false

  file:../deps/phoenix:
    resolution: {directory: ../deps/phoenix, type: directory}
    name: phoenix
    version: 1.7.0-rc.2
    dev: false

  file:../deps/phoenix_html:
    resolution: {directory: ../deps/phoenix_html, type: directory}
    name: phoenix_html
    version: 3.2.0
    dev: false

  file:../deps/phoenix_live_view:
    resolution: {directory: ../deps/phoenix_live_view, type: directory}
    name: phoenix_live_view
    version: 0.18.11
    dev: false
